
Microsoft Visual Studio Solution File, Format Version 12.00
# Visual Studio 15
VisualStudioVersion = 15.0.28010.2048
MinimumVisualStudioVersion = 10.0.40219.1
Project("{8BC9CEB8-8B4A-11D0-8D11-00A0C91BC942}") = "assignment-02", "assignment-02\assignment-02.vcxproj", "{9717E71C-7AEA-49F0-B6C4-BA737F4151B7}"
EndProject
Global
	GlobalSection(SolutionConfigurationPlatforms) = preSolution
		Debug|x64 = Debug|x64
		Debug|x86 = Debug|x86
		Release|x64 = Release|x64
		Release|x86 = Release|x86
	EndGlobalSection
	GlobalSection(ProjectConfigurationPlatforms) = postSolution
		{9717E71C-7AEA-49F0-B6C4-BA737F4151B7}.Debug|x64.ActiveCfg = Debug|x64
		{9717E71C-7AEA-49F0-B6C4-BA737F4151B7}.Debug|x64.Build.0 = Debug|x64
		{9717E71C-7AEA-49F0-B6C4-BA737F4151B7}.Debug|x86.ActiveCfg = Debug|Win32
		{9717E71C-7AEA-49F0-B6C4-BA737F4151B7}.Debug|x86.Build.0 = Debug|Win32
		{9717E71C-7AEA-49F0-B6C4-BA737F4151B7}.Release|x64.ActiveCfg = Release|x64
		{9717E71C-7AEA-49F0-B6C4-BA737F4151B7}.Release|x64.Build.0 = Release|x64
		{9717E71C-7AEA-49F0-B6C4-BA737F4151B7}.Release|x86.ActiveCfg = Release|Win32
		{9717E71C-7AEA-49F0-B6C4-BA737F4151B7}.Release|x86.Build.0 = Release|Win32
	EndGlobalSection
	GlobalSection(SolutionProperties) = preSolution
		HideSolutionNode = FALSE
	EndGlobalSection
	GlobalSection(ExtensibilityGlobals) = postSolution
		SolutionGuid = {1A86134F-2509-46FC-B771-77ABA461C0A2}
	EndGlobalSection
EndGlobal
